
Microsoft Visual Studio Solution File, Format Version 12.00
# Visual Studio Version 17
VisualStudioVersion = 17.12.35707.178
MinimumVisualStudioVersion = 10.0.40219.1
Project("{FAE04EC0-301F-11D3-BF4B-00C04F79EFBC}") = "EpamAutomationTests", "TAF\EpamAutomationTests.csproj", "{AC9ED3F3-CFEA-4EC9-8B00-625AEB9EDA3C}"
EndProject
Global
	GlobalSection(SolutionConfigurationPlatforms) = preSolution
		Debug|Any CPU = Debug|Any CPU
		Release|Any CPU = Release|Any CPU
	EndGlobalSection
	GlobalSection(ProjectConfigurationPlatforms) = postSolution
		{AC9ED3F3-CFEA-4EC9-8B00-625AEB9EDA3C}.Debug|Any CPU.ActiveCfg = Debug|Any CPU
		{AC9ED3F3-CFEA-4EC9-8B00-625AEB9EDA3C}.Debug|Any CPU.Build.0 = Debug|Any CPU
		{AC9ED3F3-CFEA-4EC9-8B00-625AEB9EDA3C}.Release|Any CPU.ActiveCfg = Release|Any CPU
		{AC9ED3F3-CFEA-4EC9-8B00-625AEB9EDA3C}.Release|Any CPU.Build.0 = Release|Any CPU
	EndGlobalSection
	GlobalSection(SolutionProperties) = preSolution
		HideSolutionNode = FALSE
	EndGlobalSection
EndGlobal
